
Microsoft Visual Studio Solution File, Format Version 12.00
Project("{FAE04EC0-301F-11D3-BF4B-00C04F79EFBC}") = "My_Server", "My_Server\My_Server.csproj", "{73904DB0-0F88-4B37-908B-30458142CCF0}"
EndProject
Global
	GlobalSection(SolutionConfigurationPlatforms) = preSolution
		Debug|Any CPU = Debug|Any CPU
		Release|Any CPU = Release|Any CPU
	EndGlobalSection
	GlobalSection(ProjectConfigurationPlatforms) = postSolution
		{73904DB0-0F88-4B37-908B-30458142CCF0}.Debug|Any CPU.ActiveCfg = Debug|Any CPU
		{73904DB0-0F88-4B37-908B-30458142CCF0}.Debug|Any CPU.Build.0 = Debug|Any CPU
		{73904DB0-0F88-4B37-908B-30458142CCF0}.Release|Any CPU.ActiveCfg = Release|Any CPU
		{73904DB0-0F88-4B37-908B-30458142CCF0}.Release|Any CPU.Build.0 = Release|Any CPU
	EndGlobalSection
EndGlobal
